<?xml version="1.0" encoding="utf-8"?>
<Project ToolsVersion="4.0" xmlns="http://schemas.microsoft.com/developer/msbuild/2003">
  <ItemGroup>
    <Filter Include="Source Files">
      <UniqueIdentifier>{4FC737F1-C7A5-4376-A066-2A32D752A2FF}</UniqueIdentifier>
      <Extensions>cpp;c;cc;cxx;c++;cppm;ixx;def;odl;idl;hpj;bat;asm;asmx</Extensions>
    </Filter>
    <Filter Include="Header Files">
      <UniqueIdentifier>{93995380-89BD-4b04-88EB-625FBE52EBFB}</UniqueIdentifier>
      <Extensions>h;hh;hpp;hxx;h++;hm;inl;inc;ipp;xsd</Extensions>
    </Filter>
    <Filter Include="Resource Files">
      <UniqueIdentifier>{67DA6AB6-F800-4c08-8B7A-83BB121AAD01}</UniqueIdentifier>
      <Extensions>rc;ico;cur;bmp;dlg;rc2;rct;bin;rgs;gif;jpg;jpeg;jpe;resx;tiff;tif;png;wav;mfcribbon-ms</Extensions>
    </Filter>
  </ItemGroup>
  <ItemGroup>
    <ClCompile Include="Libraries\CRC32\crc.cpp">
      <Filter>Source Files</Filter>
    </ClCompile>
    <ClCompile Include="Libraries\CppFormat\format.cc">
      <Filter>Source Files</Filter>
    </ClCompile>
    <ClCompile Include="Libraries\r8brain\r8bbase.cpp">
      <Filter>Source Files</Filter>
    </ClCompile>
    <ClCompile Include="Libraries\GIFLIB\dgif_lib.cpp">
      <Filter>Source Files</Filter>
    </ClCompile>
    <ClCompile Include="Libraries\GIFLIB\egif_lib.cpp">
      <Filter>Source Files</Filter>
    </ClCompile>
    <ClCompile Include="Libraries\GIFLIB\gif_err.cpp">
      <Filter>Source Files</Filter>
    </ClCompile>
    <ClCompile Include="Libraries\GIFLIB\gif_hash.cpp">
      <Filter>Source Files</Filter>
    </ClCompile>
    <ClCompile Include="Libraries\GIFLIB\gifalloc.cpp">
      <Filter>Source Files</Filter>
    </ClCompile>
    <ClCompile Include="Libraries\LipSync\phone_estimate.cpp">
      <Filter>Source Files</Filter>
    </ClCompile>
    <ClCompile Include="Libraries\LipSync\sapi_lipsync.cpp">
      <Filter>Source Files</Filter>
    </ClCompile>
    <ClCompile Include="Libraries\LipSync\sapi_util.cpp">
      <Filter>Source Files</Filter>
    </ClCompile>
  </ItemGroup>
  <ItemGroup>
    <ClInclude Include="Libraries\CRC32\crc.h">
      <Filter>Header Files</Filter>
    </ClInclude>
    <ClInclude Include="Libraries\CppFormat\format.h">
      <Filter>Header Files</Filter>
    </ClInclude>
    <ClInclude Include="Libraries\cpptoml\cpptoml.h">
      <Filter>Header Files</Filter>
    </ClInclude>
    <ClInclude Include="Libraries\r8brain\CDSPBlockConvolver.h">
      <Filter>Header Files</Filter>
    </ClInclude>
    <ClInclude Include="Libraries\r8brain\CDSPFIRFilter.h">
      <Filter>Header Files</Filter>
    </ClInclude>
    <ClInclude Include="Libraries\r8brain\CDSPFracInterpolator.h">
      <Filter>Header Files</Filter>
    </ClInclude>
    <ClInclude Include="Libraries\r8brain\CDSPProcessor.h">
      <Filter>Header Files</Filter>
    </ClInclude>
    <ClInclude Include="Libraries\r8brain\CDSPRealFFT.h">
      <Filter>Header Files</Filter>
    </ClInclude>
    <ClInclude Include="Libraries\r8brain\CDSPResampler.h">
      <Filter>Header Files</Filter>
    </ClInclude>
    <ClInclude Include="Libraries\r8brain\CDSPSincFilterGen.h">
      <Filter>Header Files</Filter>
    </ClInclude>
    <ClInclude Include="Libraries\r8brain\fft4g.h">
      <Filter>Header Files</Filter>
    </ClInclude>
    <ClInclude Include="Libraries\r8brain\r8bbase.h">
      <Filter>Header Files</Filter>
    </ClInclude>
    <ClInclude Include="Libraries\r8brain\r8bconf.h">
      <Filter>Header Files</Filter>
    </ClInclude>
    <ClInclude Include="Libraries\r8brain\r8butil.h">
      <Filter>Header Files</Filter>
    </ClInclude>
    <ClInclude Include="Libraries\GIFLIB\gif_hash.h">
      <Filter>Header Files</Filter>
    </ClInclude>
    <ClInclude Include="Libraries\GIFLIB\gif_lib.h">
      <Filter>Header Files</Filter>
    </ClInclude>
    <ClInclude Include="Libraries\GIFLIB\gif_lib_private.h">
      <Filter>Header Files</Filter>
    </ClInclude>
    <ClInclude Include="Libraries\LipSync\phone_estimate.h">
      <Filter>Header Files</Filter>
    </ClInclude>
    <ClInclude Include="Libraries\LipSync\sapi_lipsync.h">
      <Filter>Header Files</Filter>
    </ClInclude>
    <ClInclude Include="Libraries\LipSync\sapi_util.h">
      <Filter>Header Files</Filter>
    </ClInclude>
  </ItemGroup>
  <ItemGroup>
    <None Include="Libraries\CppFormat\README.rst" />
    <None Include="Libraries\cpptoml\LICENSE" />
    <None Include="Libraries\r8brain\README.md" />
    <None Include="Libraries\GIFLIB\AUTHORS" />
    <None Include="Libraries\GIFLIB\COPYING" />
  </ItemGroup>
</Project>